// !$*UTF8*$!
{
	archiveVersion = 1;
	classes = {
	};
	objectVersion = 55;
	objects = {

/* Begin PBXBuildFile section */
		1042B65427BBCFEE00D99213 /* EditProfileTableViewController.swift in Sources */ = {isa = PBXBuildFile; fileRef = 1042B65327BBCFEE00D99213 /* EditProfileTableViewController.swift */; };
		1042B65627BBFEAA00D99213 /* FileStorage.swift in Sources */ = {isa = PBXBuildFile; fileRef = 1042B65527BBFEAA00D99213 /* FileStorage.swift */; };
		1058C92D27B563DF00A25995 /* AppDelegate.swift in Sources */ = {isa = PBXBuildFile; fileRef = 1058C92C27B563DF00A25995 /* AppDelegate.swift */; };
		1058C92F27B563DF00A25995 /* SceneDelegate.swift in Sources */ = {isa = PBXBuildFile; fileRef = 1058C92E27B563DF00A25995 /* SceneDelegate.swift */; };
		1058C93127B563DF00A25995 /* LoginViewController.swift in Sources */ = {isa = PBXBuildFile; fileRef = 1058C93027B563DF00A25995 /* LoginViewController.swift */; };
		1058C93427B563DF00A25995 /* Main.storyboard in Resources */ = {isa = PBXBuildFile; fileRef = 1058C93227B563DF00A25995 /* Main.storyboard */; };
		1058C93627B563E000A25995 /* Assets.xcassets in Resources */ = {isa = PBXBuildFile; fileRef = 1058C93527B563E000A25995 /* Assets.xcassets */; };
		1058C93927B563E000A25995 /* LaunchScreen.storyboard in Resources */ = {isa = PBXBuildFile; fileRef = 1058C93727B563E000A25995 /* LaunchScreen.storyboard */; };
		1058C94127B5677D00A25995 /* ProgressHUD.swift in Sources */ = {isa = PBXBuildFile; fileRef = 1058C94027B5677D00A25995 /* ProgressHUD.swift */; };
		109F1FD327BAADC4002723BF /* SettingsTableViewController.swift in Sources */ = {isa = PBXBuildFile; fileRef = 109F1FD227BAADC4002723BF /* SettingsTableViewController.swift */; };
		10ADDE6227B56FD500E20021 /* .gitignore in Resources */ = {isa = PBXBuildFile; fileRef = 10ADDE6127B56FD500E20021 /* .gitignore */; };
		10ADDE6427B5732600E20021 /* GoogleService-Info.plist in Resources */ = {isa = PBXBuildFile; fileRef = 10ADDE6327B5732600E20021 /* GoogleService-Info.plist */; };
		10E6348727B8F2B100A3370A /* User.swift in Sources */ = {isa = PBXBuildFile; fileRef = 10E6348627B8F2B100A3370A /* User.swift */; };
		10E6348A27B8F4D700A3370A /* Constants.swift in Sources */ = {isa = PBXBuildFile; fileRef = 10E6348927B8F4D700A3370A /* Constants.swift */; };
		10E6348C27B8F82600A3370A /* FCollectionReference.swift in Sources */ = {isa = PBXBuildFile; fileRef = 10E6348B27B8F82600A3370A /* FCollectionReference.swift */; };
		10E6348F27B8F96100A3370A /* FirebaseUserListener.swift in Sources */ = {isa = PBXBuildFile; fileRef = 10E6348E27B8F96100A3370A /* FirebaseUserListener.swift */; };
		E5DCF9637A61A5CA0C503F2C /* Pods_Messenger.framework in Frameworks */ = {isa = PBXBuildFile; fileRef = 19F6B5C0DAE4D3C1AE5DEECC /* Pods_Messenger.framework */; };
/* End PBXBuildFile section */

/* Begin PBXFileReference section */
		1042B65327BBCFEE00D99213 /* EditProfileTableViewController.swift */ = {isa = PBXFileReference; lastKnownFileType = sourcecode.swift; path = EditProfileTableViewController.swift; sourceTree = "<group>"; };
		1042B65527BBFEAA00D99213 /* FileStorage.swift */ = {isa = PBXFileReference; lastKnownFileType = sourcecode.swift; path = FileStorage.swift; sourceTree = "<group>"; };
		1058C92927B563DF00A25995 /* Messenger.app */ = {isa = PBXFileReference; explicitFileType = wrapper.application; includeInIndex = 0; path = Messenger.app; sourceTree = BUILT_PRODUCTS_DIR; };
		1058C92C27B563DF00A25995 /* AppDelegate.swift */ = {isa = PBXFileReference; lastKnownFileType = sourcecode.swift; path = AppDelegate.swift; sourceTree = "<group>"; };
		1058C92E27B563DF00A25995 /* SceneDelegate.swift */ = {isa = PBXFileReference; lastKnownFileType = sourcecode.swift; path = SceneDelegate.swift; sourceTree = "<group>"; };
		1058C93027B563DF00A25995 /* LoginViewController.swift */ = {isa = PBXFileReference; lastKnownFileType = sourcecode.swift; path = LoginViewController.swift; sourceTree = "<group>"; };
		1058C93327B563DF00A25995 /* Base */ = {isa = PBXFileReference; lastKnownFileType = file.storyboard; name = Base; path = Base.lproj/Main.storyboard; sourceTree = "<group>"; };
		1058C93527B563E000A25995 /* Assets.xcassets */ = {isa = PBXFileReference; lastKnownFileType = folder.assetcatalog; path = Assets.xcassets; sourceTree = "<group>"; };
		1058C93827B563E000A25995 /* Base */ = {isa = PBXFileReference; lastKnownFileType = file.storyboard; name = Base; path = Base.lproj/LaunchScreen.storyboard; sourceTree = "<group>"; };
		1058C93A27B563E000A25995 /* Info.plist */ = {isa = PBXFileReference; lastKnownFileType = text.plist.xml; path = Info.plist; sourceTree = "<group>"; };
		1058C94027B5677D00A25995 /* ProgressHUD.swift */ = {isa = PBXFileReference; fileEncoding = 4; lastKnownFileType = sourcecode.swift; path = ProgressHUD.swift; sourceTree = "<group>"; };
		109F1FD227BAADC4002723BF /* SettingsTableViewController.swift */ = {isa = PBXFileReference; lastKnownFileType = sourcecode.swift; path = SettingsTableViewController.swift; sourceTree = "<group>"; };
		10ADDE6127B56FD500E20021 /* .gitignore */ = {isa = PBXFileReference; lastKnownFileType = text; path = .gitignore; sourceTree = "<group>"; };
		10ADDE6327B5732600E20021 /* GoogleService-Info.plist */ = {isa = PBXFileReference; fileEncoding = 4; lastKnownFileType = text.plist.xml; path = "GoogleService-Info.plist"; sourceTree = "<group>"; };
		10E6348627B8F2B100A3370A /* User.swift */ = {isa = PBXFileReference; lastKnownFileType = sourcecode.swift; path = User.swift; sourceTree = "<group>"; };
		10E6348927B8F4D700A3370A /* Constants.swift */ = {isa = PBXFileReference; lastKnownFileType = sourcecode.swift; path = Constants.swift; sourceTree = "<group>"; };
		10E6348B27B8F82600A3370A /* FCollectionReference.swift */ = {isa = PBXFileReference; lastKnownFileType = sourcecode.swift; path = FCollectionReference.swift; sourceTree = "<group>"; };
		10E6348E27B8F96100A3370A /* FirebaseUserListener.swift */ = {isa = PBXFileReference; lastKnownFileType = sourcecode.swift; path = FirebaseUserListener.swift; sourceTree = "<group>"; };
		19F6B5C0DAE4D3C1AE5DEECC /* Pods_Messenger.framework */ = {isa = PBXFileReference; explicitFileType = wrapper.framework; includeInIndex = 0; path = Pods_Messenger.framework; sourceTree = BUILT_PRODUCTS_DIR; };
		D1DAD15E1830FC61503F450E /* Pods-Messenger.debug.xcconfig */ = {isa = PBXFileReference; includeInIndex = 1; lastKnownFileType = text.xcconfig; name = "Pods-Messenger.debug.xcconfig"; path = "Target Support Files/Pods-Messenger/Pods-Messenger.debug.xcconfig"; sourceTree = "<group>"; };
		D9EBAAB16AE9A580C608C595 /* Pods-Messenger.release.xcconfig */ = {isa = PBXFileReference; includeInIndex = 1; lastKnownFileType = text.xcconfig; name = "Pods-Messenger.release.xcconfig"; path = "Target Support Files/Pods-Messenger/Pods-Messenger.release.xcconfig"; sourceTree = "<group>"; };
/* End PBXFileReference section */

/* Begin PBXFrameworksBuildPhase section */
		1058C92627B563DF00A25995 /* Frameworks */ = {
			isa = PBXFrameworksBuildPhase;
			buildActionMask = 2147483647;
			files = (
				E5DCF9637A61A5CA0C503F2C /* Pods_Messenger.framework in Frameworks */,
			);
			runOnlyForDeploymentPostprocessing = 0;
		};
/* End PBXFrameworksBuildPhase section */

/* Begin PBXGroup section */
		1058C92027B563DF00A25995 = {
			isa = PBXGroup;
			children = (
				10ADDE6127B56FD500E20021 /* .gitignore */,
				1058C92B27B563DF00A25995 /* Messenger */,
				1058C92A27B563DF00A25995 /* Products */,
				DB1E60643F5888C22260FE3C /* Pods */,
				C803949E069A495F05C0ADB0 /* Frameworks */,
			);
			sourceTree = "<group>";
		};
		1058C92A27B563DF00A25995 /* Products */ = {
			isa = PBXGroup;
			children = (
				1058C92927B563DF00A25995 /* Messenger.app */,
			);
			name = Products;
			sourceTree = "<group>";
		};
		1058C92B27B563DF00A25995 /* Messenger */ = {
			isa = PBXGroup;
			children = (
				1058C92C27B563DF00A25995 /* AppDelegate.swift */,
				1058C92E27B563DF00A25995 /* SceneDelegate.swift */,
				1058C93027B563DF00A25995 /* LoginViewController.swift */,
				109F1FD227BAADC4002723BF /* SettingsTableViewController.swift */,
				1042B65327BBCFEE00D99213 /* EditProfileTableViewController.swift */,
				10E6348927B8F4D700A3370A /* Constants.swift */,
				10E6348827B8F2BB00A3370A /* Models */,
				10E6348D27B8F90B00A3370A /* FirebaseHelpers */,
				1058C93227B563DF00A25995 /* Main.storyboard */,
				10ADDE6027B56F4500E20021 /* ProgressHUD */,
				10ADDE5F27B56EEE00E20021 /* Files */,
			);
			path = Messenger;
			sourceTree = "<group>";
		};
		10ADDE5F27B56EEE00E20021 /* Files */ = {
			isa = PBXGroup;
			children = (
				1058C93527B563E000A25995 /* Assets.xcassets */,
				1058C93727B563E000A25995 /* LaunchScreen.storyboard */,
				1058C93A27B563E000A25995 /* Info.plist */,
				10ADDE6327B5732600E20021 /* GoogleService-Info.plist */,
			);
			path = Files;
			sourceTree = "<group>";
		};
		10ADDE6027B56F4500E20021 /* ProgressHUD */ = {
			isa = PBXGroup;
			children = (
				1058C94027B5677D00A25995 /* ProgressHUD.swift */,
			);
			path = ProgressHUD;
			sourceTree = "<group>";
		};
		10E6348827B8F2BB00A3370A /* Models */ = {
			isa = PBXGroup;
			children = (
				10E6348627B8F2B100A3370A /* User.swift */,
			);
			path = Models;
			sourceTree = "<group>";
		};
		10E6348D27B8F90B00A3370A /* FirebaseHelpers */ = {
			isa = PBXGroup;
			children = (
				10E6348B27B8F82600A3370A /* FCollectionReference.swift */,
				10E6348E27B8F96100A3370A /* FirebaseUserListener.swift */,
				1042B65527BBFEAA00D99213 /* FileStorage.swift */,
			);
			path = FirebaseHelpers;
			sourceTree = "<group>";
		};
		C803949E069A495F05C0ADB0 /* Frameworks */ = {
			isa = PBXGroup;
			children = (
				19F6B5C0DAE4D3C1AE5DEECC /* Pods_Messenger.framework */,
			);
			name = Frameworks;
			sourceTree = "<group>";
		};
		DB1E60643F5888C22260FE3C /* Pods */ = {
			isa = PBXGroup;
			children = (
				D1DAD15E1830FC61503F450E /* Pods-Messenger.debug.xcconfig */,
				D9EBAAB16AE9A580C608C595 /* Pods-Messenger.release.xcconfig */,
			);
			path = Pods;
			sourceTree = "<group>";
		};
/* End PBXGroup section */

/* Begin PBXNativeTarget section */
		1058C92827B563DF00A25995 /* Messenger */ = {
			isa = PBXNativeTarget;
			buildConfigurationList = 1058C93D27B563E000A25995 /* Build configuration list for PBXNativeTarget "Messenger" */;
			buildPhases = (
				E61CD85D8ABF9E662528A78D /* [CP] Check Pods Manifest.lock */,
				1058C92527B563DF00A25995 /* Sources */,
				1058C92627B563DF00A25995 /* Frameworks */,
				1058C92727B563DF00A25995 /* Resources */,
				D89267A064379686E00CA7CA /* [CP] Embed Pods Frameworks */,
			);
			buildRules = (
			);
			dependencies = (
			);
			name = Messenger;
			productName = Messenger;
			productReference = 1058C92927B563DF00A25995 /* Messenger.app */;
			productType = "com.apple.product-type.application";
		};
/* End PBXNativeTarget section */

/* Begin PBXProject section */
		1058C92127B563DF00A25995 /* Project object */ = {
			isa = PBXProject;
			attributes = {
				BuildIndependentTargetsInParallel = 1;
				LastSwiftUpdateCheck = 1320;
				LastUpgradeCheck = 1320;
				TargetAttributes = {
					1058C92827B563DF00A25995 = {
						CreatedOnToolsVersion = 13.2;
					};
				};
			};
			buildConfigurationList = 1058C92427B563DF00A25995 /* Build configuration list for PBXProject "Messenger" */;
			compatibilityVersion = "Xcode 13.0";
			developmentRegion = en;
			hasScannedForEncodings = 0;
			knownRegions = (
				en,
				Base,
			);
			mainGroup = 1058C92027B563DF00A25995;
			productRefGroup = 1058C92A27B563DF00A25995 /* Products */;
			projectDirPath = "";
			projectRoot = "";
			targets = (
				1058C92827B563DF00A25995 /* Messenger */,
			);
		};
/* End PBXProject section */

/* Begin PBXResourcesBuildPhase section */
		1058C92727B563DF00A25995 /* Resources */ = {
			isa = PBXResourcesBuildPhase;
			buildActionMask = 2147483647;
			files = (
				10ADDE6227B56FD500E20021 /* .gitignore in Resources */,
				1058C93927B563E000A25995 /* LaunchScreen.storyboard in Resources */,
				10ADDE6427B5732600E20021 /* GoogleService-Info.plist in Resources */,
				1058C93627B563E000A25995 /* Assets.xcassets in Resources */,
				1058C93427B563DF00A25995 /* Main.storyboard in Resources */,
			);
			runOnlyForDeploymentPostprocessing = 0;
		};
/* End PBXResourcesBuildPhase section */

/* Begin PBXShellScriptBuildPhase section */
		D89267A064379686E00CA7CA /* [CP] Embed Pods Frameworks */ = {
			isa = PBXShellScriptBuildPhase;
			buildActionMask = 2147483647;
			files = (
			);
			inputFileListPaths = (
				"${PODS_ROOT}/Target Support Files/Pods-Messenger/Pods-Messenger-frameworks-${CONFIGURATION}-input-files.xcfilelist",
			);
			name = "[CP] Embed Pods Frameworks";
			outputFileListPaths = (
				"${PODS_ROOT}/Target Support Files/Pods-Messenger/Pods-Messenger-frameworks-${CONFIGURATION}-output-files.xcfilelist",
			);
			runOnlyForDeploymentPostprocessing = 0;
			shellPath = /bin/sh;
			shellScript = "\"${PODS_ROOT}/Target Support Files/Pods-Messenger/Pods-Messenger-frameworks.sh\"\n";
			showEnvVarsInLog = 0;
		};
		E61CD85D8ABF9E662528A78D /* [CP] Check Pods Manifest.lock */ = {
			isa = PBXShellScriptBuildPhase;
			buildActionMask = 2147483647;
			files = (
			);
			inputFileListPaths = (
			);
			inputPaths = (
				"${PODS_PODFILE_DIR_PATH}/Podfile.lock",
				"${PODS_ROOT}/Manifest.lock",
			);
			name = "[CP] Check Pods Manifest.lock";
			outputFileListPaths = (
			);
			outputPaths = (
				"$(DERIVED_FILE_DIR)/Pods-Messenger-checkManifestLockResult.txt",
			);
			runOnlyForDeploymentPostprocessing = 0;
			shellPath = /bin/sh;
			shellScript = "diff \"${PODS_PODFILE_DIR_PATH}/Podfile.lock\" \"${PODS_ROOT}/Manifest.lock\" > /dev/null\nif [ $? != 0 ] ; then\n    # print error to STDERR\n    echo \"error: The sandbox is not in sync with the Podfile.lock. Run 'pod install' or update your CocoaPods installation.\" >&2\n    exit 1\nfi\n# This output is used by Xcode 'outputs' to avoid re-running this script phase.\necho \"SUCCESS\" > \"${SCRIPT_OUTPUT_FILE_0}\"\n";
			showEnvVarsInLog = 0;
		};
/* End PBXShellScriptBuildPhase section */

/* Begin PBXSourcesBuildPhase section */
		1058C92527B563DF00A25995 /* Sources */ = {
			isa = PBXSourcesBuildPhase;
			buildActionMask = 2147483647;
			files = (
				1058C93127B563DF00A25995 /* LoginViewController.swift in Sources */,
				1042B65627BBFEAA00D99213 /* FileStorage.swift in Sources */,
				1058C92D27B563DF00A25995 /* AppDelegate.swift in Sources */,
				1058C94127B5677D00A25995 /* ProgressHUD.swift in Sources */,
				1042B65427BBCFEE00D99213 /* EditProfileTableViewController.swift in Sources */,
				10E6348F27B8F96100A3370A /* FirebaseUserListener.swift in Sources */,
				10E6348727B8F2B100A3370A /* User.swift in Sources */,
				1058C92F27B563DF00A25995 /* SceneDelegate.swift in Sources */,
				10E6348C27B8F82600A3370A /* FCollectionReference.swift in Sources */,
				10E6348A27B8F4D700A3370A /* Constants.swift in Sources */,
				109F1FD327BAADC4002723BF /* SettingsTableViewController.swift in Sources */,
			);
			runOnlyForDeploymentPostprocessing = 0;
		};
/* End PBXSourcesBuildPhase section */

/* Begin PBXVariantGroup section */
		1058C93227B563DF00A25995 /* Main.storyboard */ = {
			isa = PBXVariantGroup;
			children = (
				1058C93327B563DF00A25995 /* Base */,
			);
			name = Main.storyboard;
			sourceTree = "<group>";
		};
		1058C93727B563E000A25995 /* LaunchScreen.storyboard */ = {
			isa = PBXVariantGroup;
			children = (
				1058C93827B563E000A25995 /* Base */,
			);
			name = LaunchScreen.storyboard;
			sourceTree = "<group>";
		};
/* End PBXVariantGroup section */

/* Begin XCBuildConfiguration section */
		1058C93B27B563E000A25995 /* Debug */ = {
			isa = XCBuildConfiguration;
			buildSettings = {
				ALWAYS_SEARCH_USER_PATHS = NO;
				CLANG_ANALYZER_NONNULL = YES;
				CLANG_ANALYZER_NUMBER_OBJECT_CONVERSION = YES_AGGRESSIVE;
				CLANG_CXX_LANGUAGE_STANDARD = "gnu++17";
				CLANG_CXX_LIBRARY = "libc++";
				CLANG_ENABLE_MODULES = YES;
				CLANG_ENABLE_OBJC_ARC = YES;
				CLANG_ENABLE_OBJC_WEAK = YES;
				CLANG_WARN_BLOCK_CAPTURE_AUTORELEASING = YES;
				CLANG_WARN_BOOL_CONVERSION = YES;
				CLANG_WARN_COMMA = YES;
				CLANG_WARN_CONSTANT_CONVERSION = YES;
				CLANG_WARN_DEPRECATED_OBJC_IMPLEMENTATIONS = YES;
				CLANG_WARN_DIRECT_OBJC_ISA_USAGE = YES_ERROR;
				CLANG_WARN_DOCUMENTATION_COMMENTS = YES;
				CLANG_WARN_EMPTY_BODY = YES;
				CLANG_WARN_ENUM_CONVERSION = YES;
				CLANG_WARN_INFINITE_RECURSION = YES;
				CLANG_WARN_INT_CONVERSION = YES;
				CLANG_WARN_NON_LITERAL_NULL_CONVERSION = YES;
				CLANG_WARN_OBJC_IMPLICIT_RETAIN_SELF = YES;
				CLANG_WARN_OBJC_LITERAL_CONVERSION = YES;
				CLANG_WARN_OBJC_ROOT_CLASS = YES_ERROR;
				CLANG_WARN_QUOTED_INCLUDE_IN_FRAMEWORK_HEADER = YES;
				CLANG_WARN_RANGE_LOOP_ANALYSIS = YES;
				CLANG_WARN_STRICT_PROTOTYPES = YES;
				CLANG_WARN_SUSPICIOUS_MOVE = YES;
				CLANG_WARN_UNGUARDED_AVAILABILITY = YES_AGGRESSIVE;
				CLANG_WARN_UNREACHABLE_CODE = YES;
				CLANG_WARN__DUPLICATE_METHOD_MATCH = YES;
				COPY_PHASE_STRIP = NO;
				DEBUG_INFORMATION_FORMAT = dwarf;
				ENABLE_STRICT_OBJC_MSGSEND = YES;
				ENABLE_TESTABILITY = YES;
				GCC_C_LANGUAGE_STANDARD = gnu11;
				GCC_DYNAMIC_NO_PIC = NO;
				GCC_NO_COMMON_BLOCKS = YES;
				GCC_OPTIMIZATION_LEVEL = 0;
				GCC_PREPROCESSOR_DEFINITIONS = (
					"DEBUG=1",
					"$(inherited)",
				);
				GCC_WARN_64_TO_32_BIT_CONVERSION = YES;
				GCC_WARN_ABOUT_RETURN_TYPE = YES_ERROR;
				GCC_WARN_UNDECLARED_SELECTOR = YES;
				GCC_WARN_UNINITIALIZED_AUTOS = YES_AGGRESSIVE;
				GCC_WARN_UNUSED_FUNCTION = YES;
				GCC_WARN_UNUSED_VARIABLE = YES;
				IPHONEOS_DEPLOYMENT_TARGET = 15.2;
				MTL_ENABLE_DEBUG_INFO = INCLUDE_SOURCE;
				MTL_FAST_MATH = YES;
				ONLY_ACTIVE_ARCH = YES;
				SDKROOT = iphoneos;
				SWIFT_ACTIVE_COMPILATION_CONDITIONS = DEBUG;
				SWIFT_OPTIMIZATION_LEVEL = "-Onone";
			};
			name = Debug;
		};
		1058C93C27B563E000A25995 /* Release */ = {
			isa = XCBuildConfiguration;
			buildSettings = {
				ALWAYS_SEARCH_USER_PATHS = NO;
				CLANG_ANALYZER_NONNULL = YES;
				CLANG_ANALYZER_NUMBER_OBJECT_CONVERSION = YES_AGGRESSIVE;
				CLANG_CXX_LANGUAGE_STANDARD = "gnu++17";
				CLANG_CXX_LIBRARY = "libc++";
				CLANG_ENABLE_MODULES = YES;
				CLANG_ENABLE_OBJC_ARC = YES;
				CLANG_ENABLE_OBJC_WEAK = YES;
				CLANG_WARN_BLOCK_CAPTURE_AUTORELEASING = YES;
				CLANG_WARN_BOOL_CONVERSION = YES;
				CLANG_WARN_COMMA = YES;
				CLANG_WARN_CONSTANT_CONVERSION = YES;
				CLANG_WARN_DEPRECATED_OBJC_IMPLEMENTATIONS = YES;
				CLANG_WARN_DIRECT_OBJC_ISA_USAGE = YES_ERROR;
				CLANG_WARN_DOCUMENTATION_COMMENTS = YES;
				CLANG_WARN_EMPTY_BODY = YES;
				CLANG_WARN_ENUM_CONVERSION = YES;
				CLANG_WARN_INFINITE_RECURSION = YES;
				CLANG_WARN_INT_CONVERSION = YES;
				CLANG_WARN_NON_LITERAL_NULL_CONVERSION = YES;
				CLANG_WARN_OBJC_IMPLICIT_RETAIN_SELF = YES;
				CLANG_WARN_OBJC_LITERAL_CONVERSION = YES;
				CLANG_WARN_OBJC_ROOT_CLASS = YES_ERROR;
				CLANG_WARN_QUOTED_INCLUDE_IN_FRAMEWORK_HEADER = YES;
				CLANG_WARN_RANGE_LOOP_ANALYSIS = YES;
				CLANG_WARN_STRICT_PROTOTYPES = YES;
				CLANG_WARN_SUSPICIOUS_MOVE = YES;
				CLANG_WARN_UNGUARDED_AVAILABILITY = YES_AGGRESSIVE;
				CLANG_WARN_UNREACHABLE_CODE = YES;
				CLANG_WARN__DUPLICATE_METHOD_MATCH = YES;
				COPY_PHASE_STRIP = NO;
				DEBUG_INFORMATION_FORMAT = "dwarf-with-dsym";
				ENABLE_NS_ASSERTIONS = NO;
				ENABLE_STRICT_OBJC_MSGSEND = YES;
				GCC_C_LANGUAGE_STANDARD = gnu11;
				GCC_NO_COMMON_BLOCKS = YES;
				GCC_WARN_64_TO_32_BIT_CONVERSION = YES;
				GCC_WARN_ABOUT_RETURN_TYPE = YES_ERROR;
				GCC_WARN_UNDECLARED_SELECTOR = YES;
				GCC_WARN_UNINITIALIZED_AUTOS = YES_AGGRESSIVE;
				GCC_WARN_UNUSED_FUNCTION = YES;
				GCC_WARN_UNUSED_VARIABLE = YES;
				IPHONEOS_DEPLOYMENT_TARGET = 15.2;
				MTL_ENABLE_DEBUG_INFO = NO;
				MTL_FAST_MATH = YES;
				SDKROOT = iphoneos;
				SWIFT_COMPILATION_MODE = wholemodule;
				SWIFT_OPTIMIZATION_LEVEL = "-O";
				VALIDATE_PRODUCT = YES;
			};
			name = Release;
		};
		1058C93E27B563E000A25995 /* Debug */ = {
			isa = XCBuildConfiguration;
			baseConfigurationReference = D1DAD15E1830FC61503F450E /* Pods-Messenger.debug.xcconfig */;
			buildSettings = {
				ASSETCATALOG_COMPILER_APPICON_NAME = AppIcon;
				ASSETCATALOG_COMPILER_GLOBAL_ACCENT_COLOR_NAME = AccentColor;
				CODE_SIGN_IDENTITY = "Apple Development";
				CODE_SIGN_STYLE = Automatic;
				CURRENT_PROJECT_VERSION = 1;
				DEVELOPMENT_TEAM = QGLMKQL94J;
				"EXCLUDED_ARCHS[sdk=iphonesimulator*]" = arm64;
				GENERATE_INFOPLIST_FILE = YES;
				INFOPLIST_FILE = Messenger/Files/Info.plist;
				INFOPLIST_KEY_UIApplicationSupportsIndirectInputEvents = YES;
				INFOPLIST_KEY_UILaunchStoryboardName = LaunchScreen;
				INFOPLIST_KEY_UIMainStoryboardFile = Main;
				INFOPLIST_KEY_UISupportedInterfaceOrientations = UIInterfaceOrientationPortrait;
				INFOPLIST_KEY_UISupportedInterfaceOrientations_iPad = "UIInterfaceOrientationPortrait UIInterfaceOrientationPortraitUpsideDown UIInterfaceOrientationLandscapeLeft UIInterfaceOrientationLandscapeRight";
				INFOPLIST_KEY_UISupportedInterfaceOrientations_iPhone = "UIInterfaceOrientationPortrait UIInterfaceOrientationLandscapeLeft UIInterfaceOrientationLandscapeRight";
				IPHONEOS_DEPLOYMENT_TARGET = 15.0;
				LD_RUNPATH_SEARCH_PATHS = (
					"$(inherited)",
					"@executable_path/Frameworks",
				);
				MARKETING_VERSION = 1.0;
				PRODUCT_BUNDLE_IDENTIFIER = com.myapps.Messenger;
				PRODUCT_NAME = "$(TARGET_NAME)";
				PROVISIONING_PROFILE_SPECIFIER = "";
				SWIFT_EMIT_LOC_STRINGS = YES;
				SWIFT_VERSION = 5.0;
				TARGETED_DEVICE_FAMILY = 1;
			};
			name = Debug;
		};
		1058C93F27B563E000A25995 /* Release */ = {
			isa = XCBuildConfiguration;
			baseConfigurationReference = D9EBAAB16AE9A580C608C595 /* Pods-Messenger.release.xcconfig */;
			buildSettings = {
				ASSETCATALOG_COMPILER_APPICON_NAME = AppIcon;
				ASSETCATALOG_COMPILER_GLOBAL_ACCENT_COLOR_NAME = AccentColor;
				CODE_SIGN_IDENTITY = "Apple Development";
				CODE_SIGN_STYLE = Automatic;
				CURRENT_PROJECT_VERSION = 1;
				DEVELOPMENT_TEAM = QGLMKQL94J;
				"EXCLUDED_ARCHS[sdk=iphonesimulator*]" = arm64;
				GENERATE_INFOPLIST_FILE = YES;
				INFOPLIST_FILE = Messenger/Files/Info.plist;
				INFOPLIST_KEY_UIApplicationSupportsIndirectInputEvents = YES;
				INFOPLIST_KEY_UILaunchStoryboardName = LaunchScreen;
				INFOPLIST_KEY_UIMainStoryboardFile = Main;
				INFOPLIST_KEY_UISupportedInterfaceOrientations = UIInterfaceOrientationPortrait;
				INFOPLIST_KEY_UISupportedInterfaceOrientations_iPad = "UIInterfaceOrientationPortrait UIInterfaceOrientationPortraitUpsideDown UIInterfaceOrientationLandscapeLeft UIInterfaceOrientationLandscapeRight";
				INFOPLIST_KEY_UISupportedInterfaceOrientations_iPhone = "UIInterfaceOrientationPortrait UIInterfaceOrientationLandscapeLeft UIInterfaceOrientationLandscapeRight";
				IPHONEOS_DEPLOYMENT_TARGET = 15.0;
				LD_RUNPATH_SEARCH_PATHS = (
					"$(inherited)",
					"@executable_path/Frameworks",
				);
				MARKETING_VERSION = 1.0;
				PRODUCT_BUNDLE_IDENTIFIER = com.myapps.Messenger;
				PRODUCT_NAME = "$(TARGET_NAME)";
				PROVISIONING_PROFILE_SPECIFIER = "";
				SWIFT_EMIT_LOC_STRINGS = YES;
				SWIFT_VERSION = 5.0;
				TARGETED_DEVICE_FAMILY = 1;
			};
			name = Release;
		};
/* End XCBuildConfiguration section */

/* Begin XCConfigurationList section */
		1058C92427B563DF00A25995 /* Build configuration list for PBXProject "Messenger" */ = {
			isa = XCConfigurationList;
			buildConfigurations = (
				1058C93B27B563E000A25995 /* Debug */,
				1058C93C27B563E000A25995 /* Release */,
			);
			defaultConfigurationIsVisible = 0;
			defaultConfigurationName = Release;
		};
		1058C93D27B563E000A25995 /* Build configuration list for PBXNativeTarget "Messenger" */ = {
			isa = XCConfigurationList;
			buildConfigurations = (
				1058C93E27B563E000A25995 /* Debug */,
				1058C93F27B563E000A25995 /* Release */,
			);
			defaultConfigurationIsVisible = 0;
			defaultConfigurationName = Release;
		};
/* End XCConfigurationList section */
	};
	rootObject = 1058C92127B563DF00A25995 /* Project object */;
}
